// !$*UTF8*$!
{
	archiveVersion = 1;
	classes = {
	};
	objectVersion = 46;
	objects = {

/* Begin PBXBuildFile section */
		22F2A6F515FCE59CE57B7F77 /* Pods_Delicious.framework in Frameworks */ = {isa = PBXBuildFile; fileRef = 542B6724C4CDEBE5C89F98EC /* Pods_Delicious.framework */; };
		8414DB691DE5EA2F00175DB6 /* AddVC.swift in Sources */ = {isa = PBXBuildFile; fileRef = 8414DB681DE5EA2F00175DB6 /* AddVC.swift */; };
		8414DB6C1DE5EF1F00175DB6 /* AddImageCell.swift in Sources */ = {isa = PBXBuildFile; fileRef = 8414DB6B1DE5EF1F00175DB6 /* AddImageCell.swift */; };
		8414DB6E1DE5F65700175DB6 /* AddTitleCell.swift in Sources */ = {isa = PBXBuildFile; fileRef = 8414DB6D1DE5F65700175DB6 /* AddTitleCell.swift */; };
		8414DB701DE5FD1B00175DB6 /* AddIngrideintsCell.swift in Sources */ = {isa = PBXBuildFile; fileRef = 8414DB6F1DE5FD1B00175DB6 /* AddIngrideintsCell.swift */; };
		8414DB721DE5FE1D00175DB6 /* KMPlaceholderTextView.swift in Sources */ = {isa = PBXBuildFile; fileRef = 8414DB711DE5FE1D00175DB6 /* KMPlaceholderTextView.swift */; };
		8414DB751DE62DE300175DB6 /* Recipe.swift in Sources */ = {isa = PBXBuildFile; fileRef = 8414DB741DE62DE300175DB6 /* Recipe.swift */; };
		8414DB771DE6EFC800175DB6 /* AddInstructionsCell.swift in Sources */ = {isa = PBXBuildFile; fileRef = 8414DB761DE6EFC800175DB6 /* AddInstructionsCell.swift */; };
		8419837C1DE4C56100BACD9E /* Extentions.swift in Sources */ = {isa = PBXBuildFile; fileRef = 8419837B1DE4C56100BACD9E /* Extentions.swift */; };
		84212C611DE2E82C00CBE86E /* AppDelegate.swift in Sources */ = {isa = PBXBuildFile; fileRef = 84212C601DE2E82C00CBE86E /* AppDelegate.swift */; };
		84212C631DE2E82C00CBE86E /* LoginVC.swift in Sources */ = {isa = PBXBuildFile; fileRef = 84212C621DE2E82C00CBE86E /* LoginVC.swift */; };
		84212C681DE2E82C00CBE86E /* Assets.xcassets in Resources */ = {isa = PBXBuildFile; fileRef = 84212C671DE2E82C00CBE86E /* Assets.xcassets */; };
		84212C6B1DE2E82C00CBE86E /* LaunchScreen.storyboard in Resources */ = {isa = PBXBuildFile; fileRef = 84212C691DE2E82C00CBE86E /* LaunchScreen.storyboard */; };
		842FBFC61DE8434D001BDCFB /* User.swift in Sources */ = {isa = PBXBuildFile; fileRef = 842FBFC51DE8434D001BDCFB /* User.swift */; };
		8435CDCE1DEA293700E34FB5 /* RegisterVC.swift in Sources */ = {isa = PBXBuildFile; fileRef = 8435CDCD1DEA293700E34FB5 /* RegisterVC.swift */; };
		8435CDD01DEA2F1800E34FB5 /* RecoverPassVC.swift in Sources */ = {isa = PBXBuildFile; fileRef = 8435CDCF1DEA2F1800E34FB5 /* RecoverPassVC.swift */; };
		8435CDD31DEB052200E34FB5 /* PaddingLabel.swift in Sources */ = {isa = PBXBuildFile; fileRef = 8435CDD21DEB052200E34FB5 /* PaddingLabel.swift */; };
		845F970E1DE34DDD005BE203 /* GoogleService-Info.plist in Resources */ = {isa = PBXBuildFile; fileRef = 845F970D1DE34DDD005BE203 /* GoogleService-Info.plist */; };
		845F97121DE3551F005BE203 /* DataService.swift in Sources */ = {isa = PBXBuildFile; fileRef = 845F97111DE3551F005BE203 /* DataService.swift */; };
		845F97151DE3554C005BE203 /* Constants.swift in Sources */ = {isa = PBXBuildFile; fileRef = 845F97141DE3554C005BE203 /* Constants.swift */; };
		845F97171DE357E3005BE203 /* LoginService.swift in Sources */ = {isa = PBXBuildFile; fileRef = 845F97161DE357E3005BE203 /* LoginService.swift */; };
		845F97191DE360D2005BE203 /* MainVC.swift in Sources */ = {isa = PBXBuildFile; fileRef = 845F97181DE360D2005BE203 /* MainVC.swift */; };
		845F971B1DE36AE9005BE203 /* MenuVC.swift in Sources */ = {isa = PBXBuildFile; fileRef = 845F971A1DE36AE9005BE203 /* MenuVC.swift */; };
		845F971D1DE36B5E005BE203 /* MenuCell.swift in Sources */ = {isa = PBXBuildFile; fileRef = 845F971C1DE36B5E005BE203 /* MenuCell.swift */; };
		845F971F1DE36D87005BE203 /* MenuTransitionManager.swift in Sources */ = {isa = PBXBuildFile; fileRef = 845F971E1DE36D86005BE203 /* MenuTransitionManager.swift */; };
		845F97211DE3797A005BE203 /* MainCell.swift in Sources */ = {isa = PBXBuildFile; fileRef = 845F97201DE3797A005BE203 /* MainCell.swift */; };
		845F97231DE44E89005BE203 /* DetailVC.swift in Sources */ = {isa = PBXBuildFile; fileRef = 845F97221DE44E89005BE203 /* DetailVC.swift */; };
		845F97251DE44F19005BE203 /* DetailBaseCell.swift in Sources */ = {isa = PBXBuildFile; fileRef = 845F97241DE44F19005BE203 /* DetailBaseCell.swift */; };
		845F97271DE451C1005BE203 /* DetailImageCell.swift in Sources */ = {isa = PBXBuildFile; fileRef = 845F97261DE451C1005BE203 /* DetailImageCell.swift */; };
		845F97291DE46849005BE203 /* DetailTitleCell.swift in Sources */ = {isa = PBXBuildFile; fileRef = 845F97281DE46849005BE203 /* DetailTitleCell.swift */; };
		845F972B1DE47373005BE203 /* DetailTextCell.swift in Sources */ = {isa = PBXBuildFile; fileRef = 845F972A1DE47373005BE203 /* DetailTextCell.swift */; };
/* End PBXBuildFile section */

/* Begin PBXFileReference section */
		325B3BA5273854D1F19DFAA6 /* Pods-Delicious.debug.xcconfig */ = {isa = PBXFileReference; includeInIndex = 1; lastKnownFileType = text.xcconfig; name = "Pods-Delicious.debug.xcconfig"; path = "Pods/Target Support Files/Pods-Delicious/Pods-Delicious.debug.xcconfig"; sourceTree = "<group>"; };
		542B6724C4CDEBE5C89F98EC /* Pods_Delicious.framework */ = {isa = PBXFileReference; explicitFileType = wrapper.framework; includeInIndex = 0; path = Pods_Delicious.framework; sourceTree = BUILT_PRODUCTS_DIR; };
		8414DB681DE5EA2F00175DB6 /* AddVC.swift */ = {isa = PBXFileReference; fileEncoding = 4; lastKnownFileType = sourcecode.swift; path = AddVC.swift; sourceTree = "<group>"; };
		8414DB6B1DE5EF1F00175DB6 /* AddImageCell.swift */ = {isa = PBXFileReference; fileEncoding = 4; lastKnownFileType = sourcecode.swift; path = AddImageCell.swift; sourceTree = "<group>"; };
		8414DB6D1DE5F65700175DB6 /* AddTitleCell.swift */ = {isa = PBXFileReference; fileEncoding = 4; lastKnownFileType = sourcecode.swift; path = AddTitleCell.swift; sourceTree = "<group>"; };
		8414DB6F1DE5FD1B00175DB6 /* AddIngrideintsCell.swift */ = {isa = PBXFileReference; fileEncoding = 4; lastKnownFileType = sourcecode.swift; path = AddIngrideintsCell.swift; sourceTree = "<group>"; };
		8414DB711DE5FE1D00175DB6 /* KMPlaceholderTextView.swift */ = {isa = PBXFileReference; fileEncoding = 4; lastKnownFileType = sourcecode.swift; path = KMPlaceholderTextView.swift; sourceTree = "<group>"; };
		8414DB741DE62DE300175DB6 /* Recipe.swift */ = {isa = PBXFileReference; fileEncoding = 4; lastKnownFileType = sourcecode.swift; path = Recipe.swift; sourceTree = "<group>"; };
		8414DB761DE6EFC800175DB6 /* AddInstructionsCell.swift */ = {isa = PBXFileReference; fileEncoding = 4; lastKnownFileType = sourcecode.swift; path = AddInstructionsCell.swift; sourceTree = "<group>"; };
		8419837B1DE4C56100BACD9E /* Extentions.swift */ = {isa = PBXFileReference; fileEncoding = 4; lastKnownFileType = sourcecode.swift; path = Extentions.swift; sourceTree = "<group>"; };
		84212C5D1DE2E82C00CBE86E /* Delicious.app */ = {isa = PBXFileReference; explicitFileType = wrapper.application; includeInIndex = 0; path = Delicious.app; sourceTree = BUILT_PRODUCTS_DIR; };
		84212C601DE2E82C00CBE86E /* AppDelegate.swift */ = {isa = PBXFileReference; lastKnownFileType = sourcecode.swift; path = AppDelegate.swift; sourceTree = "<group>"; };
		84212C621DE2E82C00CBE86E /* LoginVC.swift */ = {isa = PBXFileReference; lastKnownFileType = sourcecode.swift; path = LoginVC.swift; sourceTree = "<group>"; };
		84212C671DE2E82C00CBE86E /* Assets.xcassets */ = {isa = PBXFileReference; lastKnownFileType = folder.assetcatalog; path = Assets.xcassets; sourceTree = "<group>"; };
		84212C6A1DE2E82C00CBE86E /* Base */ = {isa = PBXFileReference; lastKnownFileType = file.storyboard; name = Base; path = Base.lproj/LaunchScreen.storyboard; sourceTree = "<group>"; };
		84212C6C1DE2E82C00CBE86E /* Info.plist */ = {isa = PBXFileReference; lastKnownFileType = text.plist.xml; path = Info.plist; sourceTree = "<group>"; };
		842FBFC51DE8434D001BDCFB /* User.swift */ = {isa = PBXFileReference; fileEncoding = 4; lastKnownFileType = sourcecode.swift; path = User.swift; sourceTree = "<group>"; };
		8435CDCD1DEA293700E34FB5 /* RegisterVC.swift */ = {isa = PBXFileReference; fileEncoding = 4; lastKnownFileType = sourcecode.swift; path = RegisterVC.swift; sourceTree = "<group>"; };
		8435CDCF1DEA2F1800E34FB5 /* RecoverPassVC.swift */ = {isa = PBXFileReference; fileEncoding = 4; lastKnownFileType = sourcecode.swift; path = RecoverPassVC.swift; sourceTree = "<group>"; };
		8435CDD21DEB052200E34FB5 /* PaddingLabel.swift */ = {isa = PBXFileReference; fileEncoding = 4; lastKnownFileType = sourcecode.swift; path = PaddingLabel.swift; sourceTree = "<group>"; };
		845F970D1DE34DDD005BE203 /* GoogleService-Info.plist */ = {isa = PBXFileReference; fileEncoding = 4; lastKnownFileType = text.plist.xml; path = "GoogleService-Info.plist"; sourceTree = "<group>"; };
		845F970F1DE35305005BE203 /* Delicious.entitlements */ = {isa = PBXFileReference; lastKnownFileType = text.plist.entitlements; path = Delicious.entitlements; sourceTree = "<group>"; };
		845F97111DE3551F005BE203 /* DataService.swift */ = {isa = PBXFileReference; fileEncoding = 4; lastKnownFileType = sourcecode.swift; path = DataService.swift; sourceTree = "<group>"; };
		845F97141DE3554C005BE203 /* Constants.swift */ = {isa = PBXFileReference; fileEncoding = 4; lastKnownFileType = sourcecode.swift; path = Constants.swift; sourceTree = "<group>"; };
		845F97161DE357E3005BE203 /* LoginService.swift */ = {isa = PBXFileReference; fileEncoding = 4; lastKnownFileType = sourcecode.swift; path = LoginService.swift; sourceTree = "<group>"; };
		845F97181DE360D2005BE203 /* MainVC.swift */ = {isa = PBXFileReference; fileEncoding = 4; lastKnownFileType = sourcecode.swift; path = MainVC.swift; sourceTree = "<group>"; };
		845F971A1DE36AE9005BE203 /* MenuVC.swift */ = {isa = PBXFileReference; fileEncoding = 4; lastKnownFileType = sourcecode.swift; path = MenuVC.swift; sourceTree = "<group>"; };
		845F971C1DE36B5E005BE203 /* MenuCell.swift */ = {isa = PBXFileReference; fileEncoding = 4; lastKnownFileType = sourcecode.swift; path = MenuCell.swift; sourceTree = "<group>"; };
		845F971E1DE36D86005BE203 /* MenuTransitionManager.swift */ = {isa = PBXFileReference; fileEncoding = 4; lastKnownFileType = sourcecode.swift; path = MenuTransitionManager.swift; sourceTree = "<group>"; };
		845F97201DE3797A005BE203 /* MainCell.swift */ = {isa = PBXFileReference; fileEncoding = 4; lastKnownFileType = sourcecode.swift; path = MainCell.swift; sourceTree = "<group>"; };
		845F97221DE44E89005BE203 /* DetailVC.swift */ = {isa = PBXFileReference; fileEncoding = 4; lastKnownFileType = sourcecode.swift; path = DetailVC.swift; sourceTree = "<group>"; };
		845F97241DE44F19005BE203 /* DetailBaseCell.swift */ = {isa = PBXFileReference; fileEncoding = 4; lastKnownFileType = sourcecode.swift; path = DetailBaseCell.swift; sourceTree = "<group>"; };
		845F97261DE451C1005BE203 /* DetailImageCell.swift */ = {isa = PBXFileReference; fileEncoding = 4; lastKnownFileType = sourcecode.swift; path = DetailImageCell.swift; sourceTree = "<group>"; };
		845F97281DE46849005BE203 /* DetailTitleCell.swift */ = {isa = PBXFileReference; fileEncoding = 4; lastKnownFileType = sourcecode.swift; path = DetailTitleCell.swift; sourceTree = "<group>"; };
		845F972A1DE47373005BE203 /* DetailTextCell.swift */ = {isa = PBXFileReference; fileEncoding = 4; lastKnownFileType = sourcecode.swift; path = DetailTextCell.swift; sourceTree = "<group>"; };
		E399843CC773F4956B650DDF /* Pods-Delicious.release.xcconfig */ = {isa = PBXFileReference; includeInIndex = 1; lastKnownFileType = text.xcconfig; name = "Pods-Delicious.release.xcconfig"; path = "Pods/Target Support Files/Pods-Delicious/Pods-Delicious.release.xcconfig"; sourceTree = "<group>"; };
/* End PBXFileReference section */

/* Begin PBXFrameworksBuildPhase section */
		84212C5A1DE2E82C00CBE86E /* Frameworks */ = {
			isa = PBXFrameworksBuildPhase;
			buildActionMask = 2147483647;
			files = (
				22F2A6F515FCE59CE57B7F77 /* Pods_Delicious.framework in Frameworks */,
			);
			runOnlyForDeploymentPostprocessing = 0;
		};
/* End PBXFrameworksBuildPhase section */

/* Begin PBXGroup section */
		0B8D171ABC2850CDCC7E0BA0 /* Pods */ = {
			isa = PBXGroup;
			children = (
				325B3BA5273854D1F19DFAA6 /* Pods-Delicious.debug.xcconfig */,
				E399843CC773F4956B650DDF /* Pods-Delicious.release.xcconfig */,
			);
			name = Pods;
			sourceTree = "<group>";
		};
		5A6463CAFE48CE157E24B863 /* Frameworks */ = {
			isa = PBXGroup;
			children = (
				542B6724C4CDEBE5C89F98EC /* Pods_Delicious.framework */,
			);
			name = Frameworks;
			sourceTree = "<group>";
		};
		8414DB6A1DE5EF0400175DB6 /* AddNewCells */ = {
			isa = PBXGroup;
			children = (
				8414DB6B1DE5EF1F00175DB6 /* AddImageCell.swift */,
				8414DB6D1DE5F65700175DB6 /* AddTitleCell.swift */,
				8414DB6F1DE5FD1B00175DB6 /* AddIngrideintsCell.swift */,
				8414DB761DE6EFC800175DB6 /* AddInstructionsCell.swift */,
			);
			name = AddNewCells;
			sourceTree = "<group>";
		};
		8414DB731DE62DD700175DB6 /* Model */ = {
			isa = PBXGroup;
			children = (
				8414DB741DE62DE300175DB6 /* Recipe.swift */,
				842FBFC51DE8434D001BDCFB /* User.swift */,
			);
			name = Model;
			sourceTree = "<group>";
		};
		84212C541DE2E82C00CBE86E = {
			isa = PBXGroup;
			children = (
				84212C5F1DE2E82C00CBE86E /* Delicious */,
				84212C5E1DE2E82C00CBE86E /* Products */,
				0B8D171ABC2850CDCC7E0BA0 /* Pods */,
				5A6463CAFE48CE157E24B863 /* Frameworks */,
			);
			sourceTree = "<group>";
		};
		84212C5E1DE2E82C00CBE86E /* Products */ = {
			isa = PBXGroup;
			children = (
				84212C5D1DE2E82C00CBE86E /* Delicious.app */,
			);
			name = Products;
			sourceTree = "<group>";
		};
		84212C5F1DE2E82C00CBE86E /* Delicious */ = {
			isa = PBXGroup;
			children = (
				8414DB731DE62DD700175DB6 /* Model */,
				845F97131DE35542005BE203 /* Utils */,
				845F97101DE3550D005BE203 /* Helpers */,
				845F970F1DE35305005BE203 /* Delicious.entitlements */,
				84B6811C1DE2E9F2009D1B22 /* View */,
				84B6811B1DE2E9EC009D1B22 /* Controllers */,
				84212C601DE2E82C00CBE86E /* AppDelegate.swift */,
				84212C671DE2E82C00CBE86E /* Assets.xcassets */,
				84212C691DE2E82C00CBE86E /* LaunchScreen.storyboard */,
				845F970D1DE34DDD005BE203 /* GoogleService-Info.plist */,
				84212C6C1DE2E82C00CBE86E /* Info.plist */,
			);
			path = Delicious;
			sourceTree = "<group>";
		};
		8435CDD11DEB050A00E34FB5 /* CustomViewClasses */ = {
			isa = PBXGroup;
			children = (
				8435CDD21DEB052200E34FB5 /* PaddingLabel.swift */,
			);
			name = CustomViewClasses;
			sourceTree = "<group>";
		};
		845F97101DE3550D005BE203 /* Helpers */ = {
			isa = PBXGroup;
			children = (
				845F97111DE3551F005BE203 /* DataService.swift */,
				845F97161DE357E3005BE203 /* LoginService.swift */,
				845F971E1DE36D86005BE203 /* MenuTransitionManager.swift */,
				8419837B1DE4C56100BACD9E /* Extentions.swift */,
				8414DB711DE5FE1D00175DB6 /* KMPlaceholderTextView.swift */,
			);
			name = Helpers;
			sourceTree = "<group>";
		};
		845F97131DE35542005BE203 /* Utils */ = {
			isa = PBXGroup;
			children = (
				845F97141DE3554C005BE203 /* Constants.swift */,
			);
			name = Utils;
			sourceTree = "<group>";
		};
		845F972C1DE4A2F3005BE203 /* DetailCells */ = {
			isa = PBXGroup;
			children = (
				845F97241DE44F19005BE203 /* DetailBaseCell.swift */,
				845F97261DE451C1005BE203 /* DetailImageCell.swift */,
				845F97281DE46849005BE203 /* DetailTitleCell.swift */,
				845F972A1DE47373005BE203 /* DetailTextCell.swift */,
			);
			name = DetailCells;
			sourceTree = "<group>";
		};
		84B6811B1DE2E9EC009D1B22 /* Controllers */ = {
			isa = PBXGroup;
			children = (
				8435CDCD1DEA293700E34FB5 /* RegisterVC.swift */,
				8435CDCF1DEA2F1800E34FB5 /* RecoverPassVC.swift */,
				84212C621DE2E82C00CBE86E /* LoginVC.swift */,
				845F97181DE360D2005BE203 /* MainVC.swift */,
				845F971A1DE36AE9005BE203 /* MenuVC.swift */,
				845F97221DE44E89005BE203 /* DetailVC.swift */,
				8414DB681DE5EA2F00175DB6 /* AddVC.swift */,
			);
			name = Controllers;
			sourceTree = "<group>";
		};
		84B6811C1DE2E9F2009D1B22 /* View */ = {
			isa = PBXGroup;
			children = (
				8435CDD11DEB050A00E34FB5 /* CustomViewClasses */,
				8414DB6A1DE5EF0400175DB6 /* AddNewCells */,
				845F971C1DE36B5E005BE203 /* MenuCell.swift */,
				845F97201DE3797A005BE203 /* MainCell.swift */,
				845F972C1DE4A2F3005BE203 /* DetailCells */,
			);
			name = View;
			sourceTree = "<group>";
		};
/* End PBXGroup section */

/* Begin PBXNativeTarget section */
		84212C5C1DE2E82C00CBE86E /* Delicious */ = {
			isa = PBXNativeTarget;
			buildConfigurationList = 84212C6F1DE2E82C00CBE86E /* Build configuration list for PBXNativeTarget "Delicious" */;
			buildPhases = (
				881A22161E8EEACAF8D31A09 /* [CP] Check Pods Manifest.lock */,
				84212C591DE2E82C00CBE86E /* Sources */,
				84212C5A1DE2E82C00CBE86E /* Frameworks */,
				84212C5B1DE2E82C00CBE86E /* Resources */,
				351EA18500A301393EDA884B /* [CP] Embed Pods Frameworks */,
				76BF49628C1C7D57E393FFE9 /* [CP] Copy Pods Resources */,
			);
			buildRules = (
			);
			dependencies = (
			);
			name = Delicious;
			productName = Delicious;
			productReference = 84212C5D1DE2E82C00CBE86E /* Delicious.app */;
			productType = "com.apple.product-type.application";
		};
/* End PBXNativeTarget section */

/* Begin PBXProject section */
		84212C551DE2E82C00CBE86E /* Project object */ = {
			isa = PBXProject;
			attributes = {
				LastSwiftUpdateCheck = 0810;
				LastUpgradeCheck = 0830;
				ORGANIZATIONNAME = "Fomin Nickolai";
				TargetAttributes = {
					84212C5C1DE2E82C00CBE86E = {
						CreatedOnToolsVersion = 8.1;
						DevelopmentTeam = X3563PB3YJ;
						ProvisioningStyle = Automatic;
						SystemCapabilities = {
							com.apple.Keychain = {
								enabled = 1;
							};
							com.apple.Push = {
								enabled = 1;
							};
						};
					};
				};
			};
			buildConfigurationList = 84212C581DE2E82C00CBE86E /* Build configuration list for PBXProject "Delicious" */;
			compatibilityVersion = "Xcode 3.2";
			developmentRegion = English;
			hasScannedForEncodings = 0;
			knownRegions = (
				en,
				Base,
			);
			mainGroup = 84212C541DE2E82C00CBE86E;
			productRefGroup = 84212C5E1DE2E82C00CBE86E /* Products */;
			projectDirPath = "";
			projectRoot = "";
			targets = (
				84212C5C1DE2E82C00CBE86E /* Delicious */,
			);
		};
/* End PBXProject section */

/* Begin PBXResourcesBuildPhase section */
		84212C5B1DE2E82C00CBE86E /* Resources */ = {
			isa = PBXResourcesBuildPhase;
			buildActionMask = 2147483647;
			files = (
				84212C6B1DE2E82C00CBE86E /* LaunchScreen.storyboard in Resources */,
				84212C681DE2E82C00CBE86E /* Assets.xcassets in Resources */,
				845F970E1DE34DDD005BE203 /* GoogleService-Info.plist in Resources */,
			);
			runOnlyForDeploymentPostprocessing = 0;
		};
/* End PBXResourcesBuildPhase section */

/* Begin PBXShellScriptBuildPhase section */
		351EA18500A301393EDA884B /* [CP] Embed Pods Frameworks */ = {
			isa = PBXShellScriptBuildPhase;
			buildActionMask = 2147483647;
			files = (
			);
			inputPaths = (
			);
			name = "[CP] Embed Pods Frameworks";
			outputPaths = (
			);
			runOnlyForDeploymentPostprocessing = 0;
			shellPath = /bin/sh;
			shellScript = "\"${SRCROOT}/Pods/Target Support Files/Pods-Delicious/Pods-Delicious-frameworks.sh\"\n";
			showEnvVarsInLog = 0;
		};
		76BF49628C1C7D57E393FFE9 /* [CP] Copy Pods Resources */ = {
			isa = PBXShellScriptBuildPhase;
			buildActionMask = 2147483647;
			files = (
			);
			inputPaths = (
			);
			name = "[CP] Copy Pods Resources";
			outputPaths = (
			);
			runOnlyForDeploymentPostprocessing = 0;
			shellPath = /bin/sh;
			shellScript = "\"${SRCROOT}/Pods/Target Support Files/Pods-Delicious/Pods-Delicious-resources.sh\"\n";
			showEnvVarsInLog = 0;
		};
		881A22161E8EEACAF8D31A09 /* [CP] Check Pods Manifest.lock */ = {
			isa = PBXShellScriptBuildPhase;
			buildActionMask = 2147483647;
			files = (
			);
			inputPaths = (
			);
			name = "[CP] Check Pods Manifest.lock";
			outputPaths = (
			);
			runOnlyForDeploymentPostprocessing = 0;
			shellPath = /bin/sh;
			shellScript = "diff \"${PODS_ROOT}/../Podfile.lock\" \"${PODS_ROOT}/Manifest.lock\" > /dev/null\nif [ $? != 0 ] ; then\n    # print error to STDERR\n    echo \"error: The sandbox is not in sync with the Podfile.lock. Run 'pod install' or update your CocoaPods installation.\" >&2\n    exit 1\nfi\n";
			showEnvVarsInLog = 0;
		};
/* End PBXShellScriptBuildPhase section */

/* Begin PBXSourcesBuildPhase section */
		84212C591DE2E82C00CBE86E /* Sources */ = {
			isa = PBXSourcesBuildPhase;
			buildActionMask = 2147483647;
			files = (
				845F97121DE3551F005BE203 /* DataService.swift in Sources */,
				845F97191DE360D2005BE203 /* MainVC.swift in Sources */,
				8435CDD01DEA2F1800E34FB5 /* RecoverPassVC.swift in Sources */,
				845F97251DE44F19005BE203 /* DetailBaseCell.swift in Sources */,
				845F97231DE44E89005BE203 /* DetailVC.swift in Sources */,
				845F97291DE46849005BE203 /* DetailTitleCell.swift in Sources */,
				845F97271DE451C1005BE203 /* DetailImageCell.swift in Sources */,
				8414DB701DE5FD1B00175DB6 /* AddIngrideintsCell.swift in Sources */,
				8414DB691DE5EA2F00175DB6 /* AddVC.swift in Sources */,
				8414DB771DE6EFC800175DB6 /* AddInstructionsCell.swift in Sources */,
				845F972B1DE47373005BE203 /* DetailTextCell.swift in Sources */,
				84212C631DE2E82C00CBE86E /* LoginVC.swift in Sources */,
				8414DB721DE5FE1D00175DB6 /* KMPlaceholderTextView.swift in Sources */,
				845F971B1DE36AE9005BE203 /* MenuVC.swift in Sources */,
				845F97211DE3797A005BE203 /* MainCell.swift in Sources */,
				8414DB6C1DE5EF1F00175DB6 /* AddImageCell.swift in Sources */,
				845F971F1DE36D87005BE203 /* MenuTransitionManager.swift in Sources */,
				8414DB6E1DE5F65700175DB6 /* AddTitleCell.swift in Sources */,
				845F97171DE357E3005BE203 /* LoginService.swift in Sources */,
				8419837C1DE4C56100BACD9E /* Extentions.swift in Sources */,
				8435CDCE1DEA293700E34FB5 /* RegisterVC.swift in Sources */,
				84212C611DE2E82C00CBE86E /* AppDelegate.swift in Sources */,
				842FBFC61DE8434D001BDCFB /* User.swift in Sources */,
				845F971D1DE36B5E005BE203 /* MenuCell.swift in Sources */,
				8435CDD31DEB052200E34FB5 /* PaddingLabel.swift in Sources */,
				845F97151DE3554C005BE203 /* Constants.swift in Sources */,
				8414DB751DE62DE300175DB6 /* Recipe.swift in Sources */,
			);
			runOnlyForDeploymentPostprocessing = 0;
		};
/* End PBXSourcesBuildPhase section */

/* Begin PBXVariantGroup section */
		84212C691DE2E82C00CBE86E /* LaunchScreen.storyboard */ = {
			isa = PBXVariantGroup;
			children = (
				84212C6A1DE2E82C00CBE86E /* Base */,
			);
			name = LaunchScreen.storyboard;
			sourceTree = "<group>";
		};
/* End PBXVariantGroup section */

/* Begin XCBuildConfiguration section */
		84212C6D1DE2E82C00CBE86E /* Debug */ = {
			isa = XCBuildConfiguration;
			buildSettings = {
				ALWAYS_SEARCH_USER_PATHS = NO;
				CLANG_ANALYZER_NONNULL = YES;
				CLANG_CXX_LANGUAGE_STANDARD = "gnu++0x";
				CLANG_CXX_LIBRARY = "libc++";
				CLANG_ENABLE_MODULES = YES;
				CLANG_ENABLE_OBJC_ARC = YES;
				CLANG_WARN_BOOL_CONVERSION = YES;
				CLANG_WARN_CONSTANT_CONVERSION = YES;
				CLANG_WARN_DIRECT_OBJC_ISA_USAGE = YES_ERROR;
				CLANG_WARN_DOCUMENTATION_COMMENTS = YES;
				CLANG_WARN_EMPTY_BODY = YES;
				CLANG_WARN_ENUM_CONVERSION = YES;
				CLANG_WARN_INFINITE_RECURSION = YES;
				CLANG_WARN_INT_CONVERSION = YES;
				CLANG_WARN_OBJC_ROOT_CLASS = YES_ERROR;
				CLANG_WARN_SUSPICIOUS_MOVE = YES;
				CLANG_WARN_SUSPICIOUS_MOVES = YES;
				CLANG_WARN_UNREACHABLE_CODE = YES;
				CLANG_WARN__DUPLICATE_METHOD_MATCH = YES;
				"CODE_SIGN_IDENTITY[sdk=iphoneos*]" = "iPhone Developer";
				COPY_PHASE_STRIP = NO;
				DEBUG_INFORMATION_FORMAT = dwarf;
				ENABLE_STRICT_OBJC_MSGSEND = YES;
				ENABLE_TESTABILITY = YES;
				GCC_C_LANGUAGE_STANDARD = gnu99;
				GCC_DYNAMIC_NO_PIC = NO;
				GCC_NO_COMMON_BLOCKS = YES;
				GCC_OPTIMIZATION_LEVEL = 0;
				GCC_PREPROCESSOR_DEFINITIONS = (
					"DEBUG=1",
					"$(inherited)",
				);
				GCC_WARN_64_TO_32_BIT_CONVERSION = YES;
				GCC_WARN_ABOUT_RETURN_TYPE = YES_ERROR;
				GCC_WARN_UNDECLARED_SELECTOR = YES;
				GCC_WARN_UNINITIALIZED_AUTOS = YES_AGGRESSIVE;
				GCC_WARN_UNUSED_FUNCTION = YES;
				GCC_WARN_UNUSED_VARIABLE = YES;
				IPHONEOS_DEPLOYMENT_TARGET = 10.1;
				MTL_ENABLE_DEBUG_INFO = YES;
				ONLY_ACTIVE_ARCH = YES;
				SDKROOT = iphoneos;
				SWIFT_ACTIVE_COMPILATION_CONDITIONS = DEBUG;
				SWIFT_OPTIMIZATION_LEVEL = "-Onone";
			};
			name = Debug;
		};
		84212C6E1DE2E82C00CBE86E /* Release */ = {
			isa = XCBuildConfiguration;
			buildSettings = {
				ALWAYS_SEARCH_USER_PATHS = NO;
				CLANG_ANALYZER_NONNULL = YES;
				CLANG_CXX_LANGUAGE_STANDARD = "gnu++0x";
				CLANG_CXX_LIBRARY = "libc++";
				CLANG_ENABLE_MODULES = YES;
				CLANG_ENABLE_OBJC_ARC = YES;
				CLANG_WARN_BOOL_CONVERSION = YES;
				CLANG_WARN_CONSTANT_CONVERSION = YES;
				CLANG_WARN_DIRECT_OBJC_ISA_USAGE = YES_ERROR;
				CLANG_WARN_DOCUMENTATION_COMMENTS = YES;
				CLANG_WARN_EMPTY_BODY = YES;
				CLANG_WARN_ENUM_CONVERSION = YES;
				CLANG_WARN_INFINITE_RECURSION = YES;
				CLANG_WARN_INT_CONVERSION = YES;
				CLANG_WARN_OBJC_ROOT_CLASS = YES_ERROR;
				CLANG_WARN_SUSPICIOUS_MOVE = YES;
				CLANG_WARN_SUSPICIOUS_MOVES = YES;
				CLANG_WARN_UNREACHABLE_CODE = YES;
				CLANG_WARN__DUPLICATE_METHOD_MATCH = YES;
				"CODE_SIGN_IDENTITY[sdk=iphoneos*]" = "iPhone Developer";
				COPY_PHASE_STRIP = NO;
				DEBUG_INFORMATION_FORMAT = "dwarf-with-dsym";
				ENABLE_NS_ASSERTIONS = NO;
				ENABLE_STRICT_OBJC_MSGSEND = YES;
				GCC_C_LANGUAGE_STANDARD = gnu99;
				GCC_NO_COMMON_BLOCKS = YES;
				GCC_WARN_64_TO_32_BIT_CONVERSION = YES;
				GCC_WARN_ABOUT_RETURN_TYPE = YES_ERROR;
				GCC_WARN_UNDECLARED_SELECTOR = YES;
				GCC_WARN_UNINITIALIZED_AUTOS = YES_AGGRESSIVE;
				GCC_WARN_UNUSED_FUNCTION = YES;
				GCC_WARN_UNUSED_VARIABLE = YES;
				IPHONEOS_DEPLOYMENT_TARGET = 10.1;
				MTL_ENABLE_DEBUG_INFO = NO;
				SDKROOT = iphoneos;
				SWIFT_OPTIMIZATION_LEVEL = "-Owholemodule";
				VALIDATE_PRODUCT = YES;
			};
			name = Release;
		};
		84212C701DE2E82C00CBE86E /* Debug */ = {
			isa = XCBuildConfiguration;
			baseConfigurationReference = 325B3BA5273854D1F19DFAA6 /* Pods-Delicious.debug.xcconfig */;
			buildSettings = {
				ASSETCATALOG_COMPILER_APPICON_NAME = AppIcon;
				CODE_SIGN_ENTITLEMENTS = Delicious/Delicious.entitlements;
				CODE_SIGN_IDENTITY = "iPhone Developer: giraffe.in.ua@gmail.com (479UAXUXU7)";
				"CODE_SIGN_IDENTITY[sdk=iphoneos*]" = "iPhone Developer";
				DEVELOPMENT_TEAM = X3563PB3YJ;
				INFOPLIST_FILE = Delicious/Info.plist;
				LD_RUNPATH_SEARCH_PATHS = "$(inherited) @executable_path/Frameworks";
				PRODUCT_BUNDLE_IDENTIFIER = "giraffe.in.ua-gmail.com.Delicious";
				PRODUCT_NAME = "$(TARGET_NAME)";
				SWIFT_VERSION = 3.0;
				TARGETED_DEVICE_FAMILY = "1,2";
			};
			name = Debug;
		};
		84212C711DE2E82C00CBE86E /* Release */ = {
			isa = XCBuildConfiguration;
			baseConfigurationReference = E399843CC773F4956B650DDF /* Pods-Delicious.release.xcconfig */;
			buildSettings = {
				ASSETCATALOG_COMPILER_APPICON_NAME = AppIcon;
				CODE_SIGN_ENTITLEMENTS = Delicious/Delicious.entitlements;
				CODE_SIGN_IDENTITY = "iPhone Developer: giraffe.in.ua@gmail.com (479UAXUXU7)";
				"CODE_SIGN_IDENTITY[sdk=iphoneos*]" = "iPhone Developer";
				DEVELOPMENT_TEAM = X3563PB3YJ;
				INFOPLIST_FILE = Delicious/Info.plist;
				LD_RUNPATH_SEARCH_PATHS = "$(inherited) @executable_path/Frameworks";
				PRODUCT_BUNDLE_IDENTIFIER = "giraffe.in.ua-gmail.com.Delicious";
				PRODUCT_NAME = "$(TARGET_NAME)";
				SWIFT_VERSION = 3.0;
				TARGETED_DEVICE_FAMILY = "1,2";
			};
			name = Release;
		};
/* End XCBuildConfiguration section */

/* Begin XCConfigurationList section */
		84212C581DE2E82C00CBE86E /* Build configuration list for PBXProject "Delicious" */ = {
			isa = XCConfigurationList;
			buildConfigurations = (
				84212C6D1DE2E82C00CBE86E /* Debug */,
				84212C6E1DE2E82C00CBE86E /* Release */,
			);
			defaultConfigurationIsVisible = 0;
			defaultConfigurationName = Release;
		};
		84212C6F1DE2E82C00CBE86E /* Build configuration list for PBXNativeTarget "Delicious" */ = {
			isa = XCConfigurationList;
			buildConfigurations = (
				84212C701DE2E82C00CBE86E /* Debug */,
				84212C711DE2E82C00CBE86E /* Release */,
			);
			defaultConfigurationIsVisible = 0;
			defaultConfigurationName = Release;
		};
/* End XCConfigurationList section */
	};
	rootObject = 84212C551DE2E82C00CBE86E /* Project object */;
}
